
Microsoft Visual Studio Solution File, Format Version 12.00
# Visual Studio 14
VisualStudioVersion = 14.0.25420.1
MinimumVisualStudioVersion = 10.0.40219.1
Project("{FAE04EC0-301F-11D3-BF4B-00C04F79EFBC}") = "MemorySheet", "MemorySheet\MemorySheet.csproj", "{5788346C-B542-48FF-8C7D-34159CAACE61}"
EndProject
Project("{FAE04EC0-301F-11D3-BF4B-00C04F79EFBC}") = "MemorySheet.UnitTests", "MemorySheet.UnitTests\MemorySheet.UnitTests.csproj", "{65294F0E-B112-4B24-AA26-6A8818FA56B1}"
EndProject
Project("{FAE04EC0-301F-11D3-BF4B-00C04F79EFBC}") = "MemorySheetTest", "MemorySheetTest\MemorySheetTest.csproj", "{7903C591-BFDC-4599-A680-10B66B4ACDA9}"
EndProject
Global
	GlobalSection(SolutionConfigurationPlatforms) = preSolution
		Debug|Any CPU = Debug|Any CPU
		Release|Any CPU = Release|Any CPU
	EndGlobalSection
	GlobalSection(ProjectConfigurationPlatforms) = postSolution
		{5788346C-B542-48FF-8C7D-34159CAACE61}.Debug|Any CPU.ActiveCfg = Debug|Any CPU
		{5788346C-B542-48FF-8C7D-34159CAACE61}.Debug|Any CPU.Build.0 = Debug|Any CPU
		{5788346C-B542-48FF-8C7D-34159CAACE61}.Release|Any CPU.ActiveCfg = Release|Any CPU
		{5788346C-B542-48FF-8C7D-34159CAACE61}.Release|Any CPU.Build.0 = Release|Any CPU
		{65294F0E-B112-4B24-AA26-6A8818FA56B1}.Debug|Any CPU.ActiveCfg = Debug|Any CPU
		{65294F0E-B112-4B24-AA26-6A8818FA56B1}.Debug|Any CPU.Build.0 = Debug|Any CPU
		{65294F0E-B112-4B24-AA26-6A8818FA56B1}.Release|Any CPU.ActiveCfg = Release|Any CPU
		{65294F0E-B112-4B24-AA26-6A8818FA56B1}.Release|Any CPU.Build.0 = Release|Any CPU
		{7903C591-BFDC-4599-A680-10B66B4ACDA9}.Debug|Any CPU.ActiveCfg = Debug|Any CPU
		{7903C591-BFDC-4599-A680-10B66B4ACDA9}.Debug|Any CPU.Build.0 = Debug|Any CPU
		{7903C591-BFDC-4599-A680-10B66B4ACDA9}.Release|Any CPU.ActiveCfg = Release|Any CPU
		{7903C591-BFDC-4599-A680-10B66B4ACDA9}.Release|Any CPU.Build.0 = Release|Any CPU
	EndGlobalSection
	GlobalSection(SolutionProperties) = preSolution
		HideSolutionNode = FALSE
	EndGlobalSection
EndGlobal
